// !$*UTF8*$!
{
	archiveVersion = 1;
	classes = {
	};
	objectVersion = 55;
	objects = {

/* Begin PBXBuildFile section */
		3F12F61928EA198600290F7B /* MusicViewModel.swift in Sources */ = {isa = PBXBuildFile; fileRef = 3F12F61828EA198600290F7B /* MusicViewModel.swift */; };
		3F12F61B28EA199600290F7B /* MusicsListViewModel.swift in Sources */ = {isa = PBXBuildFile; fileRef = 3F12F61A28EA199600290F7B /* MusicsListViewModel.swift */; };
		3F12F61D28EA1A3200290F7B /* Music.swift in Sources */ = {isa = PBXBuildFile; fileRef = 3F12F61C28EA1A3200290F7B /* Music.swift */; };
		3F12F62128EA68AC00290F7B /* ListFileMusic.swift in Sources */ = {isa = PBXBuildFile; fileRef = 3F12F62028EA68AC00290F7B /* ListFileMusic.swift */; };
		3F1C1B0628F9EE6D00E52238 /* Data+Sufix.swift in Sources */ = {isa = PBXBuildFile; fileRef = 3F1C1B0528F9EE6D00E52238 /* Data+Sufix.swift */; };
		3F1C1B0C28F9F43700E52238 /* String+Html.swift in Sources */ = {isa = PBXBuildFile; fileRef = 3F1C1B0B28F9F43700E52238 /* String+Html.swift */; };
		3F1C1B0E28F9F4CA00E52238 /* RegularExpression.swift in Sources */ = {isa = PBXBuildFile; fileRef = 3F1C1B0D28F9F4CA00E52238 /* RegularExpression.swift */; };
		3F1C1B1028F9F5AC00E52238 /* Data+Append.swift in Sources */ = {isa = PBXBuildFile; fileRef = 3F1C1B0F28F9F5AC00E52238 /* Data+Append.swift */; };
		3F7EC5ED2ABB8C6F0019CB54 /* ID3TagEditor in Frameworks */ = {isa = PBXBuildFile; productRef = 3F7EC5EC2ABB8C6F0019CB54 /* ID3TagEditor */; };
		3FA5368128EDCEA2007DBA43 /* Database.swift in Sources */ = {isa = PBXBuildFile; fileRef = 3FA5368028EDCEA2007DBA43 /* Database.swift */; };
		3FBCE76628C19B0900907E83 /* AppDelegate.swift in Sources */ = {isa = PBXBuildFile; fileRef = 3FBCE76528C19B0900907E83 /* AppDelegate.swift */; };
		3FBCE76828C19B0900907E83 /* MainViewController.swift in Sources */ = {isa = PBXBuildFile; fileRef = 3FBCE76728C19B0900907E83 /* MainViewController.swift */; };
		3FBCE76A28C19B0C00907E83 /* Assets.xcassets in Resources */ = {isa = PBXBuildFile; fileRef = 3FBCE76928C19B0C00907E83 /* Assets.xcassets */; };
		3FBCE76D28C19B0C00907E83 /* Main.storyboard in Resources */ = {isa = PBXBuildFile; fileRef = 3FBCE76B28C19B0C00907E83 /* Main.storyboard */; };
		3FBCE77828C19B0C00907E83 /* NinoMusicServerTests.swift in Sources */ = {isa = PBXBuildFile; fileRef = 3FBCE77728C19B0C00907E83 /* NinoMusicServerTests.swift */; };
		3FBCE78228C19B0C00907E83 /* NinoMusicServerUITests.swift in Sources */ = {isa = PBXBuildFile; fileRef = 3FBCE78128C19B0C00907E83 /* NinoMusicServerUITests.swift */; };
		3FBCE78428C19B0C00907E83 /* NinoMusicServerUITestsLaunchTests.swift in Sources */ = {isa = PBXBuildFile; fileRef = 3FBCE78328C19B0C00907E83 /* NinoMusicServerUITestsLaunchTests.swift */; };
		3FEF4D592AB7E11600B25F83 /* MusicDetailViewController.swift in Sources */ = {isa = PBXBuildFile; fileRef = 3FEF4D572AB7E11600B25F83 /* MusicDetailViewController.swift */; };
		3FEF4D5A2AB7E11600B25F83 /* MusicDetailViewController.xib in Resources */ = {isa = PBXBuildFile; fileRef = 3FEF4D582AB7E11600B25F83 /* MusicDetailViewController.xib */; };
/* End PBXBuildFile section */

/* Begin PBXContainerItemProxy section */
		3FBCE77428C19B0C00907E83 /* PBXContainerItemProxy */ = {
			isa = PBXContainerItemProxy;
			containerPortal = 3FBCE75A28C19B0900907E83 /* Project object */;
			proxyType = 1;
			remoteGlobalIDString = 3FBCE76128C19B0900907E83;
			remoteInfo = NinoMusicServer;
		};
		3FBCE77E28C19B0C00907E83 /* PBXContainerItemProxy */ = {
			isa = PBXContainerItemProxy;
			containerPortal = 3FBCE75A28C19B0900907E83 /* Project object */;
			proxyType = 1;
			remoteGlobalIDString = 3FBCE76128C19B0900907E83;
			remoteInfo = NinoMusicServer;
		};
/* End PBXContainerItemProxy section */

/* Begin PBXFileReference section */
		3F12F61828EA198600290F7B /* MusicViewModel.swift */ = {isa = PBXFileReference; lastKnownFileType = sourcecode.swift; path = MusicViewModel.swift; sourceTree = "<group>"; };
		3F12F61A28EA199600290F7B /* MusicsListViewModel.swift */ = {isa = PBXFileReference; lastKnownFileType = sourcecode.swift; path = MusicsListViewModel.swift; sourceTree = "<group>"; };
		3F12F61C28EA1A3200290F7B /* Music.swift */ = {isa = PBXFileReference; lastKnownFileType = sourcecode.swift; path = Music.swift; sourceTree = "<group>"; };
		3F12F62028EA68AC00290F7B /* ListFileMusic.swift */ = {isa = PBXFileReference; lastKnownFileType = sourcecode.swift; path = ListFileMusic.swift; sourceTree = "<group>"; };
		3F1C1B0528F9EE6D00E52238 /* Data+Sufix.swift */ = {isa = PBXFileReference; lastKnownFileType = sourcecode.swift; path = "Data+Sufix.swift"; sourceTree = "<group>"; };
		3F1C1B0B28F9F43700E52238 /* String+Html.swift */ = {isa = PBXFileReference; lastKnownFileType = sourcecode.swift; path = "String+Html.swift"; sourceTree = "<group>"; };
		3F1C1B0D28F9F4CA00E52238 /* RegularExpression.swift */ = {isa = PBXFileReference; lastKnownFileType = sourcecode.swift; path = RegularExpression.swift; sourceTree = "<group>"; };
		3F1C1B0F28F9F5AC00E52238 /* Data+Append.swift */ = {isa = PBXFileReference; lastKnownFileType = sourcecode.swift; path = "Data+Append.swift"; sourceTree = "<group>"; };
		3FA5368028EDCEA2007DBA43 /* Database.swift */ = {isa = PBXFileReference; lastKnownFileType = sourcecode.swift; path = Database.swift; sourceTree = "<group>"; };
		3FBCE76228C19B0900907E83 /* NinoMusicServer.app */ = {isa = PBXFileReference; explicitFileType = wrapper.application; includeInIndex = 0; path = NinoMusicServer.app; sourceTree = BUILT_PRODUCTS_DIR; };
		3FBCE76528C19B0900907E83 /* AppDelegate.swift */ = {isa = PBXFileReference; lastKnownFileType = sourcecode.swift; path = AppDelegate.swift; sourceTree = "<group>"; };
		3FBCE76728C19B0900907E83 /* MainViewController.swift */ = {isa = PBXFileReference; lastKnownFileType = sourcecode.swift; path = MainViewController.swift; sourceTree = "<group>"; };
		3FBCE76928C19B0C00907E83 /* Assets.xcassets */ = {isa = PBXFileReference; lastKnownFileType = folder.assetcatalog; path = Assets.xcassets; sourceTree = "<group>"; };
		3FBCE76C28C19B0C00907E83 /* Base */ = {isa = PBXFileReference; lastKnownFileType = file.storyboard; name = Base; path = Base.lproj/Main.storyboard; sourceTree = "<group>"; };
		3FBCE76E28C19B0C00907E83 /* NinoMusicServer.entitlements */ = {isa = PBXFileReference; lastKnownFileType = text.plist.entitlements; path = NinoMusicServer.entitlements; sourceTree = "<group>"; };
		3FBCE77328C19B0C00907E83 /* NinoMusicServerTests.xctest */ = {isa = PBXFileReference; explicitFileType = wrapper.cfbundle; includeInIndex = 0; path = NinoMusicServerTests.xctest; sourceTree = BUILT_PRODUCTS_DIR; };
		3FBCE77728C19B0C00907E83 /* NinoMusicServerTests.swift */ = {isa = PBXFileReference; lastKnownFileType = sourcecode.swift; path = NinoMusicServerTests.swift; sourceTree = "<group>"; };
		3FBCE77D28C19B0C00907E83 /* NinoMusicServerUITests.xctest */ = {isa = PBXFileReference; explicitFileType = wrapper.cfbundle; includeInIndex = 0; path = NinoMusicServerUITests.xctest; sourceTree = BUILT_PRODUCTS_DIR; };
		3FBCE78128C19B0C00907E83 /* NinoMusicServerUITests.swift */ = {isa = PBXFileReference; lastKnownFileType = sourcecode.swift; path = NinoMusicServerUITests.swift; sourceTree = "<group>"; };
		3FBCE78328C19B0C00907E83 /* NinoMusicServerUITestsLaunchTests.swift */ = {isa = PBXFileReference; lastKnownFileType = sourcecode.swift; path = NinoMusicServerUITestsLaunchTests.swift; sourceTree = "<group>"; };
		3FEF4D572AB7E11600B25F83 /* MusicDetailViewController.swift */ = {isa = PBXFileReference; lastKnownFileType = sourcecode.swift; path = MusicDetailViewController.swift; sourceTree = "<group>"; };
		3FEF4D582AB7E11600B25F83 /* MusicDetailViewController.xib */ = {isa = PBXFileReference; lastKnownFileType = file.xib; path = MusicDetailViewController.xib; sourceTree = "<group>"; };
/* End PBXFileReference section */

/* Begin PBXFrameworksBuildPhase section */
		3FBCE75F28C19B0900907E83 /* Frameworks */ = {
			isa = PBXFrameworksBuildPhase;
			buildActionMask = 2147483647;
			files = (
				3F7EC5ED2ABB8C6F0019CB54 /* ID3TagEditor in Frameworks */,
			);
			runOnlyForDeploymentPostprocessing = 0;
		};
		3FBCE77028C19B0C00907E83 /* Frameworks */ = {
			isa = PBXFrameworksBuildPhase;
			buildActionMask = 2147483647;
			files = (
			);
			runOnlyForDeploymentPostprocessing = 0;
		};
		3FBCE77A28C19B0C00907E83 /* Frameworks */ = {
			isa = PBXFrameworksBuildPhase;
			buildActionMask = 2147483647;
			files = (
			);
			runOnlyForDeploymentPostprocessing = 0;
		};
/* End PBXFrameworksBuildPhase section */

/* Begin PBXGroup section */
		3F12F61428EA18A400290F7B /* Views */ = {
			isa = PBXGroup;
			children = (
				3FBCE76728C19B0900907E83 /* MainViewController.swift */,
				3FEF4D572AB7E11600B25F83 /* MusicDetailViewController.swift */,
				3FEF4D582AB7E11600B25F83 /* MusicDetailViewController.xib */,
			);
			path = Views;
			sourceTree = "<group>";
		};
		3F12F61528EA18B800290F7B /* ViewModels */ = {
			isa = PBXGroup;
			children = (
				3F12F61828EA198600290F7B /* MusicViewModel.swift */,
				3F12F61A28EA199600290F7B /* MusicsListViewModel.swift */,
			);
			path = ViewModels;
			sourceTree = "<group>";
		};
		3F12F61628EA18D300290F7B /* Models */ = {
			isa = PBXGroup;
			children = (
				3F12F61C28EA1A3200290F7B /* Music.swift */,
			);
			path = Models;
			sourceTree = "<group>";
		};
		3F12F61728EA18E700290F7B /* Services */ = {
			isa = PBXGroup;
			children = (
				3F12F62028EA68AC00290F7B /* ListFileMusic.swift */,
				3FA5368028EDCEA2007DBA43 /* Database.swift */,
			);
			path = Services;
			sourceTree = "<group>";
		};
		3F1C1B0428F9EE4A00E52238 /* Utils */ = {
			isa = PBXGroup;
			children = (
				3F1C1B0528F9EE6D00E52238 /* Data+Sufix.swift */,
				3F1C1B0B28F9F43700E52238 /* String+Html.swift */,
				3F1C1B0D28F9F4CA00E52238 /* RegularExpression.swift */,
				3F1C1B0F28F9F5AC00E52238 /* Data+Append.swift */,
			);
			path = Utils;
			sourceTree = "<group>";
		};
		3FBCE75928C19B0900907E83 = {
			isa = PBXGroup;
			children = (
				3FBCE76428C19B0900907E83 /* NinoMusicServer */,
				3FBCE77628C19B0C00907E83 /* NinoMusicServerTests */,
				3FBCE78028C19B0C00907E83 /* NinoMusicServerUITests */,
				3FBCE76328C19B0900907E83 /* Products */,
			);
			sourceTree = "<group>";
		};
		3FBCE76328C19B0900907E83 /* Products */ = {
			isa = PBXGroup;
			children = (
				3FBCE76228C19B0900907E83 /* NinoMusicServer.app */,
				3FBCE77328C19B0C00907E83 /* NinoMusicServerTests.xctest */,
				3FBCE77D28C19B0C00907E83 /* NinoMusicServerUITests.xctest */,
			);
			name = Products;
			sourceTree = "<group>";
		};
		3FBCE76428C19B0900907E83 /* NinoMusicServer */ = {
			isa = PBXGroup;
			children = (
				3F1C1B0428F9EE4A00E52238 /* Utils */,
				3F12F61728EA18E700290F7B /* Services */,
				3F12F61628EA18D300290F7B /* Models */,
				3F12F61528EA18B800290F7B /* ViewModels */,
				3F12F61428EA18A400290F7B /* Views */,
				3FBCE76528C19B0900907E83 /* AppDelegate.swift */,
				3FBCE76928C19B0C00907E83 /* Assets.xcassets */,
				3FBCE76B28C19B0C00907E83 /* Main.storyboard */,
				3FBCE76E28C19B0C00907E83 /* NinoMusicServer.entitlements */,
			);
			path = NinoMusicServer;
			sourceTree = "<group>";
		};
		3FBCE77628C19B0C00907E83 /* NinoMusicServerTests */ = {
			isa = PBXGroup;
			children = (
				3FBCE77728C19B0C00907E83 /* NinoMusicServerTests.swift */,
			);
			path = NinoMusicServerTests;
			sourceTree = "<group>";
		};
		3FBCE78028C19B0C00907E83 /* NinoMusicServerUITests */ = {
			isa = PBXGroup;
			children = (
				3FBCE78128C19B0C00907E83 /* NinoMusicServerUITests.swift */,
				3FBCE78328C19B0C00907E83 /* NinoMusicServerUITestsLaunchTests.swift */,
			);
			path = NinoMusicServerUITests;
			sourceTree = "<group>";
		};
/* End PBXGroup section */

/* Begin PBXNativeTarget section */
		3FBCE76128C19B0900907E83 /* NinoMusicServer */ = {
			isa = PBXNativeTarget;
			buildConfigurationList = 3FBCE78728C19B0C00907E83 /* Build configuration list for PBXNativeTarget "NinoMusicServer" */;
			buildPhases = (
				3FBCE75E28C19B0900907E83 /* Sources */,
				3FBCE75F28C19B0900907E83 /* Frameworks */,
				3FBCE76028C19B0900907E83 /* Resources */,
			);
			buildRules = (
			);
			dependencies = (
			);
			name = NinoMusicServer;
			packageProductDependencies = (
				3F7EC5EC2ABB8C6F0019CB54 /* ID3TagEditor */,
			);
			productName = NinoMusicServer;
			productReference = 3FBCE76228C19B0900907E83 /* NinoMusicServer.app */;
			productType = "com.apple.product-type.application";
		};
		3FBCE77228C19B0C00907E83 /* NinoMusicServerTests */ = {
			isa = PBXNativeTarget;
			buildConfigurationList = 3FBCE78A28C19B0C00907E83 /* Build configuration list for PBXNativeTarget "NinoMusicServerTests" */;
			buildPhases = (
				3FBCE76F28C19B0C00907E83 /* Sources */,
				3FBCE77028C19B0C00907E83 /* Frameworks */,
				3FBCE77128C19B0C00907E83 /* Resources */,
			);
			buildRules = (
			);
			dependencies = (
				3FBCE77528C19B0C00907E83 /* PBXTargetDependency */,
			);
			name = NinoMusicServerTests;
			productName = NinoMusicServerTests;
			productReference = 3FBCE77328C19B0C00907E83 /* NinoMusicServerTests.xctest */;
			productType = "com.apple.product-type.bundle.unit-test";
		};
		3FBCE77C28C19B0C00907E83 /* NinoMusicServerUITests */ = {
			isa = PBXNativeTarget;
			buildConfigurationList = 3FBCE78D28C19B0C00907E83 /* Build configuration list for PBXNativeTarget "NinoMusicServerUITests" */;
			buildPhases = (
				3FBCE77928C19B0C00907E83 /* Sources */,
				3FBCE77A28C19B0C00907E83 /* Frameworks */,
				3FBCE77B28C19B0C00907E83 /* Resources */,
			);
			buildRules = (
			);
			dependencies = (
				3FBCE77F28C19B0C00907E83 /* PBXTargetDependency */,
			);
			name = NinoMusicServerUITests;
			productName = NinoMusicServerUITests;
			productReference = 3FBCE77D28C19B0C00907E83 /* NinoMusicServerUITests.xctest */;
			productType = "com.apple.product-type.bundle.ui-testing";
		};
/* End PBXNativeTarget section */

/* Begin PBXProject section */
		3FBCE75A28C19B0900907E83 /* Project object */ = {
			isa = PBXProject;
			attributes = {
				BuildIndependentTargetsInParallel = 1;
				LastSwiftUpdateCheck = 1340;
				LastUpgradeCheck = 1340;
				TargetAttributes = {
					3FBCE76128C19B0900907E83 = {
						CreatedOnToolsVersion = 13.4.1;
					};
					3FBCE77228C19B0C00907E83 = {
						CreatedOnToolsVersion = 13.4.1;
						TestTargetID = 3FBCE76128C19B0900907E83;
					};
					3FBCE77C28C19B0C00907E83 = {
						CreatedOnToolsVersion = 13.4.1;
						TestTargetID = 3FBCE76128C19B0900907E83;
					};
				};
			};
			buildConfigurationList = 3FBCE75D28C19B0900907E83 /* Build configuration list for PBXProject "NinoMusicServer" */;
			compatibilityVersion = "Xcode 13.0";
			developmentRegion = en;
			hasScannedForEncodings = 0;
			knownRegions = (
				en,
				Base,
			);
			mainGroup = 3FBCE75928C19B0900907E83;
			packageReferences = (
				3F7EC5EB2ABB8C6F0019CB54 /* XCRemoteSwiftPackageReference "ID3TagEditor" */,
			);
			productRefGroup = 3FBCE76328C19B0900907E83 /* Products */;
			projectDirPath = "";
			projectRoot = "";
			targets = (
				3FBCE76128C19B0900907E83 /* NinoMusicServer */,
				3FBCE77228C19B0C00907E83 /* NinoMusicServerTests */,
				3FBCE77C28C19B0C00907E83 /* NinoMusicServerUITests */,
			);
		};
/* End PBXProject section */

/* Begin PBXResourcesBuildPhase section */
		3FBCE76028C19B0900907E83 /* Resources */ = {
			isa = PBXResourcesBuildPhase;
			buildActionMask = 2147483647;
			files = (
				3FBCE76A28C19B0C00907E83 /* Assets.xcassets in Resources */,
				3FBCE76D28C19B0C00907E83 /* Main.storyboard in Resources */,
				3FEF4D5A2AB7E11600B25F83 /* MusicDetailViewController.xib in Resources */,
			);
			runOnlyForDeploymentPostprocessing = 0;
		};
		3FBCE77128C19B0C00907E83 /* Resources */ = {
			isa = PBXResourcesBuildPhase;
			buildActionMask = 2147483647;
			files = (
			);
			runOnlyForDeploymentPostprocessing = 0;
		};
		3FBCE77B28C19B0C00907E83 /* Resources */ = {
			isa = PBXResourcesBuildPhase;
			buildActionMask = 2147483647;
			files = (
			);
			runOnlyForDeploymentPostprocessing = 0;
		};
/* End PBXResourcesBuildPhase section */

/* Begin PBXSourcesBuildPhase section */
		3FBCE75E28C19B0900907E83 /* Sources */ = {
			isa = PBXSourcesBuildPhase;
			buildActionMask = 2147483647;
			files = (
				3F12F61B28EA199600290F7B /* MusicsListViewModel.swift in Sources */,
				3F12F62128EA68AC00290F7B /* ListFileMusic.swift in Sources */,
				3F12F61928EA198600290F7B /* MusicViewModel.swift in Sources */,
				3F12F61D28EA1A3200290F7B /* Music.swift in Sources */,
				3F1C1B0E28F9F4CA00E52238 /* RegularExpression.swift in Sources */,
				3FBCE76828C19B0900907E83 /* MainViewController.swift in Sources */,
				3F1C1B0C28F9F43700E52238 /* String+Html.swift in Sources */,
				3FA5368128EDCEA2007DBA43 /* Database.swift in Sources */,
				3FBCE76628C19B0900907E83 /* AppDelegate.swift in Sources */,
				3FEF4D592AB7E11600B25F83 /* MusicDetailViewController.swift in Sources */,
				3F1C1B1028F9F5AC00E52238 /* Data+Append.swift in Sources */,
				3F1C1B0628F9EE6D00E52238 /* Data+Sufix.swift in Sources */,
			);
			runOnlyForDeploymentPostprocessing = 0;
		};
		3FBCE76F28C19B0C00907E83 /* Sources */ = {
			isa = PBXSourcesBuildPhase;
			buildActionMask = 2147483647;
			files = (
				3FBCE77828C19B0C00907E83 /* NinoMusicServerTests.swift in Sources */,
			);
			runOnlyForDeploymentPostprocessing = 0;
		};
		3FBCE77928C19B0C00907E83 /* Sources */ = {
			isa = PBXSourcesBuildPhase;
			buildActionMask = 2147483647;
			files = (
				3FBCE78228C19B0C00907E83 /* NinoMusicServerUITests.swift in Sources */,
				3FBCE78428C19B0C00907E83 /* NinoMusicServerUITestsLaunchTests.swift in Sources */,
			);
			runOnlyForDeploymentPostprocessing = 0;
		};
/* End PBXSourcesBuildPhase section */

/* Begin PBXTargetDependency section */
		3FBCE77528C19B0C00907E83 /* PBXTargetDependency */ = {
			isa = PBXTargetDependency;
			target = 3FBCE76128C19B0900907E83 /* NinoMusicServer */;
			targetProxy = 3FBCE77428C19B0C00907E83 /* PBXContainerItemProxy */;
		};
		3FBCE77F28C19B0C00907E83 /* PBXTargetDependency */ = {
			isa = PBXTargetDependency;
			target = 3FBCE76128C19B0900907E83 /* NinoMusicServer */;
			targetProxy = 3FBCE77E28C19B0C00907E83 /* PBXContainerItemProxy */;
		};
/* End PBXTargetDependency section */

/* Begin PBXVariantGroup section */
		3FBCE76B28C19B0C00907E83 /* Main.storyboard */ = {
			isa = PBXVariantGroup;
			children = (
				3FBCE76C28C19B0C00907E83 /* Base */,
			);
			name = Main.storyboard;
			sourceTree = "<group>";
		};
/* End PBXVariantGroup section */

/* Begin XCBuildConfiguration section */
		3FBCE78528C19B0C00907E83 /* Debug */ = {
			isa = XCBuildConfiguration;
			buildSettings = {
				ALWAYS_SEARCH_USER_PATHS = NO;
				CLANG_ANALYZER_NONNULL = YES;
				CLANG_ANALYZER_NUMBER_OBJECT_CONVERSION = YES_AGGRESSIVE;
				CLANG_CXX_LANGUAGE_STANDARD = "gnu++17";
				CLANG_ENABLE_MODULES = YES;
				CLANG_ENABLE_OBJC_ARC = YES;
				CLANG_ENABLE_OBJC_WEAK = YES;
				CLANG_WARN_BLOCK_CAPTURE_AUTORELEASING = YES;
				CLANG_WARN_BOOL_CONVERSION = YES;
				CLANG_WARN_COMMA = YES;
				CLANG_WARN_CONSTANT_CONVERSION = YES;
				CLANG_WARN_DEPRECATED_OBJC_IMPLEMENTATIONS = YES;
				CLANG_WARN_DIRECT_OBJC_ISA_USAGE = YES_ERROR;
				CLANG_WARN_DOCUMENTATION_COMMENTS = YES;
				CLANG_WARN_EMPTY_BODY = YES;
				CLANG_WARN_ENUM_CONVERSION = YES;
				CLANG_WARN_INFINITE_RECURSION = YES;
				CLANG_WARN_INT_CONVERSION = YES;
				CLANG_WARN_NON_LITERAL_NULL_CONVERSION = YES;
				CLANG_WARN_OBJC_IMPLICIT_RETAIN_SELF = YES;
				CLANG_WARN_OBJC_LITERAL_CONVERSION = YES;
				CLANG_WARN_OBJC_ROOT_CLASS = YES_ERROR;
				CLANG_WARN_QUOTED_INCLUDE_IN_FRAMEWORK_HEADER = YES;
				CLANG_WARN_RANGE_LOOP_ANALYSIS = YES;
				CLANG_WARN_STRICT_PROTOTYPES = YES;
				CLANG_WARN_SUSPICIOUS_MOVE = YES;
				CLANG_WARN_UNGUARDED_AVAILABILITY = YES_AGGRESSIVE;
				CLANG_WARN_UNREACHABLE_CODE = YES;
				CLANG_WARN__DUPLICATE_METHOD_MATCH = YES;
				COPY_PHASE_STRIP = NO;
				DEBUG_INFORMATION_FORMAT = dwarf;
				ENABLE_STRICT_OBJC_MSGSEND = YES;
				ENABLE_TESTABILITY = YES;
				GCC_C_LANGUAGE_STANDARD = gnu11;
				GCC_DYNAMIC_NO_PIC = NO;
				GCC_NO_COMMON_BLOCKS = YES;
				GCC_OPTIMIZATION_LEVEL = 0;
				GCC_PREPROCESSOR_DEFINITIONS = (
					"DEBUG=1",
					"$(inherited)",
				);
				GCC_WARN_64_TO_32_BIT_CONVERSION = YES;
				GCC_WARN_ABOUT_RETURN_TYPE = YES_ERROR;
				GCC_WARN_UNDECLARED_SELECTOR = YES;
				GCC_WARN_UNINITIALIZED_AUTOS = YES_AGGRESSIVE;
				GCC_WARN_UNUSED_FUNCTION = YES;
				GCC_WARN_UNUSED_VARIABLE = YES;
				MACOSX_DEPLOYMENT_TARGET = 12.3;
				MTL_ENABLE_DEBUG_INFO = INCLUDE_SOURCE;
				MTL_FAST_MATH = YES;
				ONLY_ACTIVE_ARCH = YES;
				SDKROOT = macosx;
				SWIFT_ACTIVE_COMPILATION_CONDITIONS = DEBUG;
				SWIFT_OPTIMIZATION_LEVEL = "-Onone";
			};
			name = Debug;
		};
		3FBCE78628C19B0C00907E83 /* Release */ = {
			isa = XCBuildConfiguration;
			buildSettings = {
				ALWAYS_SEARCH_USER_PATHS = NO;
				CLANG_ANALYZER_NONNULL = YES;
				CLANG_ANALYZER_NUMBER_OBJECT_CONVERSION = YES_AGGRESSIVE;
				CLANG_CXX_LANGUAGE_STANDARD = "gnu++17";
				CLANG_ENABLE_MODULES = YES;
				CLANG_ENABLE_OBJC_ARC = YES;
				CLANG_ENABLE_OBJC_WEAK = YES;
				CLANG_WARN_BLOCK_CAPTURE_AUTORELEASING = YES;
				CLANG_WARN_BOOL_CONVERSION = YES;
				CLANG_WARN_COMMA = YES;
				CLANG_WARN_CONSTANT_CONVERSION = YES;
				CLANG_WARN_DEPRECATED_OBJC_IMPLEMENTATIONS = YES;
				CLANG_WARN_DIRECT_OBJC_ISA_USAGE = YES_ERROR;
				CLANG_WARN_DOCUMENTATION_COMMENTS = YES;
				CLANG_WARN_EMPTY_BODY = YES;
				CLANG_WARN_ENUM_CONVERSION = YES;
				CLANG_WARN_INFINITE_RECURSION = YES;
				CLANG_WARN_INT_CONVERSION = YES;
				CLANG_WARN_NON_LITERAL_NULL_CONVERSION = YES;
				CLANG_WARN_OBJC_IMPLICIT_RETAIN_SELF = YES;
				CLANG_WARN_OBJC_LITERAL_CONVERSION = YES;
				CLANG_WARN_OBJC_ROOT_CLASS = YES_ERROR;
				CLANG_WARN_QUOTED_INCLUDE_IN_FRAMEWORK_HEADER = YES;
				CLANG_WARN_RANGE_LOOP_ANALYSIS = YES;
				CLANG_WARN_STRICT_PROTOTYPES = YES;
				CLANG_WARN_SUSPICIOUS_MOVE = YES;
				CLANG_WARN_UNGUARDED_AVAILABILITY = YES_AGGRESSIVE;
				CLANG_WARN_UNREACHABLE_CODE = YES;
				CLANG_WARN__DUPLICATE_METHOD_MATCH = YES;
				COPY_PHASE_STRIP = NO;
				DEBUG_INFORMATION_FORMAT = "dwarf-with-dsym";
				ENABLE_NS_ASSERTIONS = NO;
				ENABLE_STRICT_OBJC_MSGSEND = YES;
				GCC_C_LANGUAGE_STANDARD = gnu11;
				GCC_NO_COMMON_BLOCKS = YES;
				GCC_WARN_64_TO_32_BIT_CONVERSION = YES;
				GCC_WARN_ABOUT_RETURN_TYPE = YES_ERROR;
				GCC_WARN_UNDECLARED_SELECTOR = YES;
				GCC_WARN_UNINITIALIZED_AUTOS = YES_AGGRESSIVE;
				GCC_WARN_UNUSED_FUNCTION = YES;
				GCC_WARN_UNUSED_VARIABLE = YES;
				MACOSX_DEPLOYMENT_TARGET = 12.3;
				MTL_ENABLE_DEBUG_INFO = NO;
				MTL_FAST_MATH = YES;
				SDKROOT = macosx;
				SWIFT_COMPILATION_MODE = wholemodule;
				SWIFT_OPTIMIZATION_LEVEL = "-O";
			};
			name = Release;
		};
		3FBCE78828C19B0C00907E83 /* Debug */ = {
			isa = XCBuildConfiguration;
			buildSettings = {
				ASSETCATALOG_COMPILER_APPICON_NAME = AppIcon;
				ASSETCATALOG_COMPILER_GLOBAL_ACCENT_COLOR_NAME = AccentColor;
				CODE_SIGN_ENTITLEMENTS = NinoMusicServer/NinoMusicServer.entitlements;
				"CODE_SIGN_IDENTITY[sdk=macosx*]" = "Apple Development";
				CODE_SIGN_STYLE = Automatic;
				COMBINE_HIDPI_IMAGES = YES;
				CURRENT_PROJECT_VERSION = 1;
				DEVELOPMENT_TEAM = 4CV3KNNXNH;
				ENABLE_HARDENED_RUNTIME = YES;
				GENERATE_INFOPLIST_FILE = YES;
				INFOPLIST_KEY_LSApplicationCategoryType = "public.app-category.music";
				INFOPLIST_KEY_NSHumanReadableCopyright = "";
				INFOPLIST_KEY_NSMainStoryboardFile = Main;
				INFOPLIST_KEY_NSPrincipalClass = NSApplication;
				LD_RUNPATH_SEARCH_PATHS = (
					"$(inherited)",
					"@executable_path/../Frameworks",
				);
				MARKETING_VERSION = 1.0;
				PRODUCT_BUNDLE_IDENTIFIER = nino.musicserver;
				PRODUCT_NAME = "$(TARGET_NAME)";
				SWIFT_EMIT_LOC_STRINGS = YES;
				SWIFT_VERSION = 5.0;
			};
			name = Debug;
		};
		3FBCE78928C19B0C00907E83 /* Release */ = {
			isa = XCBuildConfiguration;
			buildSettings = {
				ASSETCATALOG_COMPILER_APPICON_NAME = AppIcon;
				ASSETCATALOG_COMPILER_GLOBAL_ACCENT_COLOR_NAME = AccentColor;
				CODE_SIGN_ENTITLEMENTS = NinoMusicServer/NinoMusicServer.entitlements;
				"CODE_SIGN_IDENTITY[sdk=macosx*]" = "Apple Development";
				CODE_SIGN_STYLE = Automatic;
				COMBINE_HIDPI_IMAGES = YES;
				CURRENT_PROJECT_VERSION = 1;
				DEVELOPMENT_TEAM = 4CV3KNNXNH;
				ENABLE_HARDENED_RUNTIME = YES;
				GENERATE_INFOPLIST_FILE = YES;
				INFOPLIST_KEY_LSApplicationCategoryType = "public.app-category.music";
				INFOPLIST_KEY_NSHumanReadableCopyright = "";
				INFOPLIST_KEY_NSMainStoryboardFile = Main;
				INFOPLIST_KEY_NSPrincipalClass = NSApplication;
				LD_RUNPATH_SEARCH_PATHS = (
					"$(inherited)",
					"@executable_path/../Frameworks",
				);
				MARKETING_VERSION = 1.0;
				PRODUCT_BUNDLE_IDENTIFIER = nino.musicserver;
				PRODUCT_NAME = "$(TARGET_NAME)";
				SWIFT_EMIT_LOC_STRINGS = YES;
				SWIFT_VERSION = 5.0;
			};
			name = Release;
		};
		3FBCE78B28C19B0C00907E83 /* Debug */ = {
			isa = XCBuildConfiguration;
			buildSettings = {
				ALWAYS_EMBED_SWIFT_STANDARD_LIBRARIES = YES;
				BUNDLE_LOADER = "$(TEST_HOST)";
				CODE_SIGN_STYLE = Automatic;
				CURRENT_PROJECT_VERSION = 1;
				DEVELOPMENT_TEAM = 4CV3KNNXNH;
				GENERATE_INFOPLIST_FILE = YES;
				MACOSX_DEPLOYMENT_TARGET = 12.3;
				MARKETING_VERSION = 1.0;
				PRODUCT_BUNDLE_IDENTIFIER = Nino.NinoMusicServerTests;
				PRODUCT_NAME = "$(TARGET_NAME)";
				SWIFT_EMIT_LOC_STRINGS = NO;
				SWIFT_VERSION = 5.0;
				TEST_HOST = "$(BUILT_PRODUCTS_DIR)/NinoMusicServer.app/Contents/MacOS/NinoMusicServer";
			};
			name = Debug;
		};
		3FBCE78C28C19B0C00907E83 /* Release */ = {
			isa = XCBuildConfiguration;
			buildSettings = {
				ALWAYS_EMBED_SWIFT_STANDARD_LIBRARIES = YES;
				BUNDLE_LOADER = "$(TEST_HOST)";
				CODE_SIGN_STYLE = Automatic;
				CURRENT_PROJECT_VERSION = 1;
				DEVELOPMENT_TEAM = 4CV3KNNXNH;
				GENERATE_INFOPLIST_FILE = YES;
				MACOSX_DEPLOYMENT_TARGET = 12.3;
				MARKETING_VERSION = 1.0;
				PRODUCT_BUNDLE_IDENTIFIER = Nino.NinoMusicServerTests;
				PRODUCT_NAME = "$(TARGET_NAME)";
				SWIFT_EMIT_LOC_STRINGS = NO;
				SWIFT_VERSION = 5.0;
				TEST_HOST = "$(BUILT_PRODUCTS_DIR)/NinoMusicServer.app/Contents/MacOS/NinoMusicServer";
			};
			name = Release;
		};
		3FBCE78E28C19B0C00907E83 /* Debug */ = {
			isa = XCBuildConfiguration;
			buildSettings = {
				ALWAYS_EMBED_SWIFT_STANDARD_LIBRARIES = YES;
				CODE_SIGN_STYLE = Automatic;
				CURRENT_PROJECT_VERSION = 1;
				DEVELOPMENT_TEAM = 4CV3KNNXNH;
				GENERATE_INFOPLIST_FILE = YES;
				MARKETING_VERSION = 1.0;
				PRODUCT_BUNDLE_IDENTIFIER = Nino.NinoMusicServerUITests;
				PRODUCT_NAME = "$(TARGET_NAME)";
				SWIFT_EMIT_LOC_STRINGS = NO;
				SWIFT_VERSION = 5.0;
				TEST_TARGET_NAME = NinoMusicServer;
			};
			name = Debug;
		};
		3FBCE78F28C19B0C00907E83 /* Release */ = {
			isa = XCBuildConfiguration;
			buildSettings = {
				ALWAYS_EMBED_SWIFT_STANDARD_LIBRARIES = YES;
				CODE_SIGN_STYLE = Automatic;
				CURRENT_PROJECT_VERSION = 1;
				DEVELOPMENT_TEAM = 4CV3KNNXNH;
				GENERATE_INFOPLIST_FILE = YES;
				MARKETING_VERSION = 1.0;
				PRODUCT_BUNDLE_IDENTIFIER = Nino.NinoMusicServerUITests;
				PRODUCT_NAME = "$(TARGET_NAME)";
				SWIFT_EMIT_LOC_STRINGS = NO;
				SWIFT_VERSION = 5.0;
				TEST_TARGET_NAME = NinoMusicServer;
			};
			name = Release;
		};
/* End XCBuildConfiguration section */

/* Begin XCConfigurationList section */
		3FBCE75D28C19B0900907E83 /* Build configuration list for PBXProject "NinoMusicServer" */ = {
			isa = XCConfigurationList;
			buildConfigurations = (
				3FBCE78528C19B0C00907E83 /* Debug */,
				3FBCE78628C19B0C00907E83 /* Release */,
			);
			defaultConfigurationIsVisible = 0;
			defaultConfigurationName = Release;
		};
		3FBCE78728C19B0C00907E83 /* Build configuration list for PBXNativeTarget "NinoMusicServer" */ = {
			isa = XCConfigurationList;
			buildConfigurations = (
				3FBCE78828C19B0C00907E83 /* Debug */,
				3FBCE78928C19B0C00907E83 /* Release */,
			);
			defaultConfigurationIsVisible = 0;
			defaultConfigurationName = Release;
		};
		3FBCE78A28C19B0C00907E83 /* Build configuration list for PBXNativeTarget "NinoMusicServerTests" */ = {
			isa = XCConfigurationList;
			buildConfigurations = (
				3FBCE78B28C19B0C00907E83 /* Debug */,
				3FBCE78C28C19B0C00907E83 /* Release */,
			);
			defaultConfigurationIsVisible = 0;
			defaultConfigurationName = Release;
		};
		3FBCE78D28C19B0C00907E83 /* Build configuration list for PBXNativeTarget "NinoMusicServerUITests" */ = {
			isa = XCConfigurationList;
			buildConfigurations = (
				3FBCE78E28C19B0C00907E83 /* Debug */,
				3FBCE78F28C19B0C00907E83 /* Release */,
			);
			defaultConfigurationIsVisible = 0;
			defaultConfigurationName = Release;
		};
/* End XCConfigurationList section */

/* Begin XCRemoteSwiftPackageReference section */
		3F7EC5EB2ABB8C6F0019CB54 /* XCRemoteSwiftPackageReference "ID3TagEditor" */ = {
			isa = XCRemoteSwiftPackageReference;
			repositoryURL = "https://github.com/chicio/ID3TagEditor.git";
			requirement = {
				kind = upToNextMajorVersion;
				minimumVersion = 4.6.0;
			};
		};
/* End XCRemoteSwiftPackageReference section */

/* Begin XCSwiftPackageProductDependency section */
		3F7EC5EC2ABB8C6F0019CB54 /* ID3TagEditor */ = {
			isa = XCSwiftPackageProductDependency;
			package = 3F7EC5EB2ABB8C6F0019CB54 /* XCRemoteSwiftPackageReference "ID3TagEditor" */;
			productName = ID3TagEditor;
		};
/* End XCSwiftPackageProductDependency section */
	};
	rootObject = 3FBCE75A28C19B0900907E83 /* Project object */;
}
